
Microsoft Visual Studio Solution File, Format Version 12.00
# Visual Studio Version 17
VisualStudioVersion = 17.6.33829.357
MinimumVisualStudioVersion = 10.0.40219.1
Project("{FAE04EC0-301F-11D3-BF4B-00C04F79EFBC}") = "Kalkulator", "Kalkulator\Kalkulator.csproj", "{231E39DC-E48E-4018-A9CB-D3DEB5508EDA}"
EndProject
Global
	GlobalSection(SolutionConfigurationPlatforms) = preSolution
		Debug|Any CPU = Debug|Any CPU
		Release|Any CPU = Release|Any CPU
	EndGlobalSection
	GlobalSection(ProjectConfigurationPlatforms) = postSolution
		{231E39DC-E48E-4018-A9CB-D3DEB5508EDA}.Debug|Any CPU.ActiveCfg = Debug|Any CPU
		{231E39DC-E48E-4018-A9CB-D3DEB5508EDA}.Debug|Any CPU.Build.0 = Debug|Any CPU
		{231E39DC-E48E-4018-A9CB-D3DEB5508EDA}.Release|Any CPU.ActiveCfg = Release|Any CPU
		{231E39DC-E48E-4018-A9CB-D3DEB5508EDA}.Release|Any CPU.Build.0 = Release|Any CPU
	EndGlobalSection
	GlobalSection(SolutionProperties) = preSolution
		HideSolutionNode = FALSE
	EndGlobalSection
	GlobalSection(ExtensibilityGlobals) = postSolution
		SolutionGuid = {E4FE8C3F-5153-4A2E-B00D-875A9F3A38B5}
	EndGlobalSection
EndGlobal
